
Microsoft Visual Studio Solution File, Format Version 12.00
# Visual Studio Version 16
VisualStudioVersion = 16.0.30320.27
MinimumVisualStudioVersion = 10.0.40219.1
Project("{FAE04EC0-301F-11D3-BF4B-00C04F79EFBC}") = "Core", "Core\Core.csproj", "{C14CDF30-7A03-4E15-AE12-A47373D5ABDF}"
EndProject
Project("{FAE04EC0-301F-11D3-BF4B-00C04F79EFBC}") = "Data", "Data\Data.csproj", "{84B532C9-60EC-49C0-A23B-A2DF1CCD8B7B}"
EndProject
Project("{FAE04EC0-301F-11D3-BF4B-00C04F79EFBC}") = "Service", "Service\Service.csproj", "{A1B65755-A794-442C-97C2-CA0053F50D64}"
EndProject
Project("{FAE04EC0-301F-11D3-BF4B-00C04F79EFBC}") = "API", "API\API.csproj", "{CC866170-F150-4DBA-8FDB-ABFFBF3DE4FD}"
EndProject
Project("{FAE04EC0-301F-11D3-BF4B-00C04F79EFBC}") = "MVC", "MVC\MVC.csproj", "{53150DF6-AFE7-4D13-A49C-644161194B74}"
EndProject
Global
	GlobalSection(SolutionConfigurationPlatforms) = preSolution
		Debug|Any CPU = Debug|Any CPU
		Release|Any CPU = Release|Any CPU
	EndGlobalSection
	GlobalSection(ProjectConfigurationPlatforms) = postSolution
		{C14CDF30-7A03-4E15-AE12-A47373D5ABDF}.Debug|Any CPU.ActiveCfg = Debug|Any CPU
		{C14CDF30-7A03-4E15-AE12-A47373D5ABDF}.Debug|Any CPU.Build.0 = Debug|Any CPU
		{C14CDF30-7A03-4E15-AE12-A47373D5ABDF}.Release|Any CPU.ActiveCfg = Release|Any CPU
		{C14CDF30-7A03-4E15-AE12-A47373D5ABDF}.Release|Any CPU.Build.0 = Release|Any CPU
		{84B532C9-60EC-49C0-A23B-A2DF1CCD8B7B}.Debug|Any CPU.ActiveCfg = Debug|Any CPU
		{84B532C9-60EC-49C0-A23B-A2DF1CCD8B7B}.Debug|Any CPU.Build.0 = Debug|Any CPU
		{84B532C9-60EC-49C0-A23B-A2DF1CCD8B7B}.Release|Any CPU.ActiveCfg = Release|Any CPU
		{84B532C9-60EC-49C0-A23B-A2DF1CCD8B7B}.Release|Any CPU.Build.0 = Release|Any CPU
		{A1B65755-A794-442C-97C2-CA0053F50D64}.Debug|Any CPU.ActiveCfg = Debug|Any CPU
		{A1B65755-A794-442C-97C2-CA0053F50D64}.Debug|Any CPU.Build.0 = Debug|Any CPU
		{A1B65755-A794-442C-97C2-CA0053F50D64}.Release|Any CPU.ActiveCfg = Release|Any CPU
		{A1B65755-A794-442C-97C2-CA0053F50D64}.Release|Any CPU.Build.0 = Release|Any CPU
		{CC866170-F150-4DBA-8FDB-ABFFBF3DE4FD}.Debug|Any CPU.ActiveCfg = Debug|Any CPU
		{CC866170-F150-4DBA-8FDB-ABFFBF3DE4FD}.Debug|Any CPU.Build.0 = Debug|Any CPU
		{CC866170-F150-4DBA-8FDB-ABFFBF3DE4FD}.Release|Any CPU.ActiveCfg = Release|Any CPU
		{CC866170-F150-4DBA-8FDB-ABFFBF3DE4FD}.Release|Any CPU.Build.0 = Release|Any CPU
		{53150DF6-AFE7-4D13-A49C-644161194B74}.Debug|Any CPU.ActiveCfg = Debug|Any CPU
		{53150DF6-AFE7-4D13-A49C-644161194B74}.Debug|Any CPU.Build.0 = Debug|Any CPU
		{53150DF6-AFE7-4D13-A49C-644161194B74}.Release|Any CPU.ActiveCfg = Release|Any CPU
		{53150DF6-AFE7-4D13-A49C-644161194B74}.Release|Any CPU.Build.0 = Release|Any CPU
	EndGlobalSection
	GlobalSection(SolutionProperties) = preSolution
		HideSolutionNode = FALSE
	EndGlobalSection
	GlobalSection(ExtensibilityGlobals) = postSolution
		SolutionGuid = {8BB8825D-AB86-4414-B856-3AF200D7119A}
	EndGlobalSection
EndGlobal
